// !$*UTF8*$!
{
	archiveVersion = 1;
	classes = {
	};
	objectVersion = 56;
	objects = {

/* Begin PBXBuildFile section */
		52283A352BB7D9EC0025F137 /* LoginCoordinator.swift in Sources */ = {isa = PBXBuildFile; fileRef = 52283A342BB7D9EC0025F137 /* LoginCoordinator.swift */; };
		52A73F3A2BAF4EA3002F7714 /* TempInAppView.swift in Sources */ = {isa = PBXBuildFile; fileRef = 52A73F392BAF4EA3002F7714 /* TempInAppView.swift */; };
		D4235E042B8AC21D0061E964 /* SpeedStreakApp.swift in Sources */ = {isa = PBXBuildFile; fileRef = D4235E032B8AC21D0061E964 /* SpeedStreakApp.swift */; };
		D4235E082B8AC21E0061E964 /* Assets.xcassets in Resources */ = {isa = PBXBuildFile; fileRef = D4235E072B8AC21E0061E964 /* Assets.xcassets */; };
		D4235E0B2B8AC21E0061E964 /* Preview Assets.xcassets in Resources */ = {isa = PBXBuildFile; fileRef = D4235E0A2B8AC21E0061E964 /* Preview Assets.xcassets */; };
		D4235E162B8AC24F0061E964 /* LaunchCoordinatorView.swift in Sources */ = {isa = PBXBuildFile; fileRef = D4235E152B8AC24F0061E964 /* LaunchCoordinatorView.swift */; };
		D43A25612B9D263300A3BD4C /* NoCredentialLoginView.swift in Sources */ = {isa = PBXBuildFile; fileRef = D43A25602B9D263300A3BD4C /* NoCredentialLoginView.swift */; };
/* End PBXBuildFile section */

/* Begin PBXFileReference section */
		52283A342BB7D9EC0025F137 /* LoginCoordinator.swift */ = {isa = PBXFileReference; lastKnownFileType = sourcecode.swift; path = LoginCoordinator.swift; sourceTree = "<group>"; };
		52A73F392BAF4EA3002F7714 /* TempInAppView.swift */ = {isa = PBXFileReference; lastKnownFileType = sourcecode.swift; path = TempInAppView.swift; sourceTree = "<group>"; };
		D4235E002B8AC21D0061E964 /* SpeedStreak.app */ = {isa = PBXFileReference; explicitFileType = wrapper.application; includeInIndex = 0; path = SpeedStreak.app; sourceTree = BUILT_PRODUCTS_DIR; };
		D4235E032B8AC21D0061E964 /* SpeedStreakApp.swift */ = {isa = PBXFileReference; lastKnownFileType = sourcecode.swift; path = SpeedStreakApp.swift; sourceTree = "<group>"; };
		D4235E072B8AC21E0061E964 /* Assets.xcassets */ = {isa = PBXFileReference; lastKnownFileType = folder.assetcatalog; path = Assets.xcassets; sourceTree = "<group>"; };
		D4235E0A2B8AC21E0061E964 /* Preview Assets.xcassets */ = {isa = PBXFileReference; lastKnownFileType = folder.assetcatalog; path = "Preview Assets.xcassets"; sourceTree = "<group>"; };
		D4235E152B8AC24F0061E964 /* LaunchCoordinatorView.swift */ = {isa = PBXFileReference; lastKnownFileType = sourcecode.swift; path = LaunchCoordinatorView.swift; sourceTree = "<group>"; };
		D43A25602B9D263300A3BD4C /* NoCredentialLoginView.swift */ = {isa = PBXFileReference; lastKnownFileType = sourcecode.swift; path = NoCredentialLoginView.swift; sourceTree = "<group>"; };
/* End PBXFileReference section */

/* Begin PBXFrameworksBuildPhase section */
		D4235DFD2B8AC21D0061E964 /* Frameworks */ = {
			isa = PBXFrameworksBuildPhase;
			buildActionMask = 2147483647;
			files = (
			);
			runOnlyForDeploymentPostprocessing = 0;
		};
/* End PBXFrameworksBuildPhase section */

/* Begin PBXGroup section */
		52283A332BB7D9D50025F137 /* Coordinators */ = {
			isa = PBXGroup;
			children = (
				52283A342BB7D9EC0025F137 /* LoginCoordinator.swift */,
			);
			path = Coordinators;
			sourceTree = "<group>";
		};
		D4235DF72B8AC21D0061E964 = {
			isa = PBXGroup;
			children = (
				D4235E022B8AC21D0061E964 /* SpeedStreak */,
				D4235E012B8AC21D0061E964 /* Products */,
			);
			sourceTree = "<group>";
		};
		D4235E012B8AC21D0061E964 /* Products */ = {
			isa = PBXGroup;
			children = (
				D4235E002B8AC21D0061E964 /* SpeedStreak.app */,
			);
			name = Products;
			sourceTree = "<group>";
		};
		D4235E022B8AC21D0061E964 /* SpeedStreak */ = {
			isa = PBXGroup;
			children = (
				D4235E112B8AC22E0061E964 /* Sources */,
				D4235E122B8AC2320061E964 /* Resources */,
				D4235E092B8AC21E0061E964 /* Preview Content */,
			);
			path = SpeedStreak;
			sourceTree = "<group>";
		};
		D4235E092B8AC21E0061E964 /* Preview Content */ = {
			isa = PBXGroup;
			children = (
				D4235E0A2B8AC21E0061E964 /* Preview Assets.xcassets */,
			);
			path = "Preview Content";
			sourceTree = "<group>";
		};
		D4235E112B8AC22E0061E964 /* Sources */ = {
			isa = PBXGroup;
			children = (
				52283A332BB7D9D50025F137 /* Coordinators */,
				D4235E132B8AC2380061E964 /* App */,
				D4235E142B8AC2430061E964 /* Launch */,
				D43A255F2B9D262200A3BD4C /* UI */,
			);
			path = Sources;
			sourceTree = "<group>";
		};
		D4235E122B8AC2320061E964 /* Resources */ = {
			isa = PBXGroup;
			children = (
				D4235E072B8AC21E0061E964 /* Assets.xcassets */,
			);
			path = Resources;
			sourceTree = "<group>";
		};
		D4235E132B8AC2380061E964 /* App */ = {
			isa = PBXGroup;
			children = (
				D4235E032B8AC21D0061E964 /* SpeedStreakApp.swift */,
			);
			path = App;
			sourceTree = "<group>";
		};
		D4235E142B8AC2430061E964 /* Launch */ = {
			isa = PBXGroup;
			children = (
				D4235E152B8AC24F0061E964 /* LaunchCoordinatorView.swift */,
			);
			path = Launch;
			sourceTree = "<group>";
		};
		D43A255F2B9D262200A3BD4C /* UI */ = {
			isa = PBXGroup;
			children = (
				D43A25602B9D263300A3BD4C /* NoCredentialLoginView.swift */,
				52A73F392BAF4EA3002F7714 /* TempInAppView.swift */,
			);
			path = UI;
			sourceTree = "<group>";
		};
/* End PBXGroup section */

/* Begin PBXNativeTarget section */
		D4235DFF2B8AC21D0061E964 /* SpeedStreak */ = {
			isa = PBXNativeTarget;
			buildConfigurationList = D4235E0E2B8AC21E0061E964 /* Build configuration list for PBXNativeTarget "SpeedStreak" */;
			buildPhases = (
				D4235DFC2B8AC21D0061E964 /* Sources */,
				D4235DFD2B8AC21D0061E964 /* Frameworks */,
				D4235DFE2B8AC21D0061E964 /* Resources */,
			);
			buildRules = (
			);
			dependencies = (
			);
			name = SpeedStreak;
			productName = SpeedStreak;
			productReference = D4235E002B8AC21D0061E964 /* SpeedStreak.app */;
			productType = "com.apple.product-type.application";
		};
/* End PBXNativeTarget section */

/* Begin PBXProject section */
		D4235DF82B8AC21D0061E964 /* Project object */ = {
			isa = PBXProject;
			attributes = {
				BuildIndependentTargetsInParallel = 1;
				LastSwiftUpdateCheck = 1500;
				LastUpgradeCheck = 1500;
				TargetAttributes = {
					D4235DFF2B8AC21D0061E964 = {
						CreatedOnToolsVersion = 15.0.1;
					};
				};
			};
			buildConfigurationList = D4235DFB2B8AC21D0061E964 /* Build configuration list for PBXProject "SpeedStreak" */;
			compatibilityVersion = "Xcode 14.0";
			developmentRegion = en;
			hasScannedForEncodings = 0;
			knownRegions = (
				en,
				Base,
			);
			mainGroup = D4235DF72B8AC21D0061E964;
			productRefGroup = D4235E012B8AC21D0061E964 /* Products */;
			projectDirPath = "";
			projectRoot = "";
			targets = (
				D4235DFF2B8AC21D0061E964 /* SpeedStreak */,
			);
		};
/* End PBXProject section */

/* Begin PBXResourcesBuildPhase section */
		D4235DFE2B8AC21D0061E964 /* Resources */ = {
			isa = PBXResourcesBuildPhase;
			buildActionMask = 2147483647;
			files = (
				D4235E0B2B8AC21E0061E964 /* Preview Assets.xcassets in Resources */,
				D4235E082B8AC21E0061E964 /* Assets.xcassets in Resources */,
			);
			runOnlyForDeploymentPostprocessing = 0;
		};
/* End PBXResourcesBuildPhase section */

/* Begin PBXSourcesBuildPhase section */
		D4235DFC2B8AC21D0061E964 /* Sources */ = {
			isa = PBXSourcesBuildPhase;
			buildActionMask = 2147483647;
			files = (
				D43A25612B9D263300A3BD4C /* NoCredentialLoginView.swift in Sources */,
				D4235E162B8AC24F0061E964 /* LaunchCoordinatorView.swift in Sources */,
				52283A352BB7D9EC0025F137 /* LoginCoordinator.swift in Sources */,
				D4235E042B8AC21D0061E964 /* SpeedStreakApp.swift in Sources */,
				52A73F3A2BAF4EA3002F7714 /* TempInAppView.swift in Sources */,
			);
			runOnlyForDeploymentPostprocessing = 0;
		};
/* End PBXSourcesBuildPhase section */

/* Begin XCBuildConfiguration section */
		D4235E0C2B8AC21E0061E964 /* Debug */ = {
			isa = XCBuildConfiguration;
			buildSettings = {
				ALWAYS_SEARCH_USER_PATHS = NO;
				ASSETCATALOG_COMPILER_GENERATE_SWIFT_ASSET_SYMBOL_EXTENSIONS = YES;
				CLANG_ANALYZER_NONNULL = YES;
				CLANG_ANALYZER_NUMBER_OBJECT_CONVERSION = YES_AGGRESSIVE;
				CLANG_CXX_LANGUAGE_STANDARD = "gnu++20";
				CLANG_ENABLE_MODULES = YES;
				CLANG_ENABLE_OBJC_ARC = YES;
				CLANG_ENABLE_OBJC_WEAK = YES;
				CLANG_WARN_BLOCK_CAPTURE_AUTORELEASING = YES;
				CLANG_WARN_BOOL_CONVERSION = YES;
				CLANG_WARN_COMMA = YES;
				CLANG_WARN_CONSTANT_CONVERSION = YES;
				CLANG_WARN_DEPRECATED_OBJC_IMPLEMENTATIONS = YES;
				CLANG_WARN_DIRECT_OBJC_ISA_USAGE = YES_ERROR;
				CLANG_WARN_DOCUMENTATION_COMMENTS = YES;
				CLANG_WARN_EMPTY_BODY = YES;
				CLANG_WARN_ENUM_CONVERSION = YES;
				CLANG_WARN_INFINITE_RECURSION = YES;
				CLANG_WARN_INT_CONVERSION = YES;
				CLANG_WARN_NON_LITERAL_NULL_CONVERSION = YES;
				CLANG_WARN_OBJC_IMPLICIT_RETAIN_SELF = YES;
				CLANG_WARN_OBJC_LITERAL_CONVERSION = YES;
				CLANG_WARN_OBJC_ROOT_CLASS = YES_ERROR;
				CLANG_WARN_QUOTED_INCLUDE_IN_FRAMEWORK_HEADER = YES;
				CLANG_WARN_RANGE_LOOP_ANALYSIS = YES;
				CLANG_WARN_STRICT_PROTOTYPES = YES;
				CLANG_WARN_SUSPICIOUS_MOVE = YES;
				CLANG_WARN_UNGUARDED_AVAILABILITY = YES_AGGRESSIVE;
				CLANG_WARN_UNREACHABLE_CODE = YES;
				CLANG_WARN__DUPLICATE_METHOD_MATCH = YES;
				COPY_PHASE_STRIP = NO;
				DEBUG_INFORMATION_FORMAT = dwarf;
				ENABLE_STRICT_OBJC_MSGSEND = YES;
				ENABLE_TESTABILITY = YES;
				ENABLE_USER_SCRIPT_SANDBOXING = YES;
				GCC_C_LANGUAGE_STANDARD = gnu17;
				GCC_DYNAMIC_NO_PIC = NO;
				GCC_NO_COMMON_BLOCKS = YES;
				GCC_OPTIMIZATION_LEVEL = 0;
				GCC_PREPROCESSOR_DEFINITIONS = (
					"DEBUG=1",
					"$(inherited)",
				);
				GCC_WARN_64_TO_32_BIT_CONVERSION = YES;
				GCC_WARN_ABOUT_RETURN_TYPE = YES_ERROR;
				GCC_WARN_UNDECLARED_SELECTOR = YES;
				GCC_WARN_UNINITIALIZED_AUTOS = YES_AGGRESSIVE;
				GCC_WARN_UNUSED_FUNCTION = YES;
				GCC_WARN_UNUSED_VARIABLE = YES;
				IPHONEOS_DEPLOYMENT_TARGET = 17.0;
				LOCALIZATION_PREFERS_STRING_CATALOGS = YES;
				MTL_ENABLE_DEBUG_INFO = INCLUDE_SOURCE;
				MTL_FAST_MATH = YES;
				ONLY_ACTIVE_ARCH = YES;
				SDKROOT = iphoneos;
				SWIFT_ACTIVE_COMPILATION_CONDITIONS = "DEBUG $(inherited)";
				SWIFT_OPTIMIZATION_LEVEL = "-Onone";
			};
			name = Debug;
		};
		D4235E0D2B8AC21E0061E964 /* Release */ = {
			isa = XCBuildConfiguration;
			buildSettings = {
				ALWAYS_SEARCH_USER_PATHS = NO;
				ASSETCATALOG_COMPILER_GENERATE_SWIFT_ASSET_SYMBOL_EXTENSIONS = YES;
				CLANG_ANALYZER_NONNULL = YES;
				CLANG_ANALYZER_NUMBER_OBJECT_CONVERSION = YES_AGGRESSIVE;
				CLANG_CXX_LANGUAGE_STANDARD = "gnu++20";
				CLANG_ENABLE_MODULES = YES;
				CLANG_ENABLE_OBJC_ARC = YES;
				CLANG_ENABLE_OBJC_WEAK = YES;
				CLANG_WARN_BLOCK_CAPTURE_AUTORELEASING = YES;
				CLANG_WARN_BOOL_CONVERSION = YES;
				CLANG_WARN_COMMA = YES;
				CLANG_WARN_CONSTANT_CONVERSION = YES;
				CLANG_WARN_DEPRECATED_OBJC_IMPLEMENTATIONS = YES;
				CLANG_WARN_DIRECT_OBJC_ISA_USAGE = YES_ERROR;
				CLANG_WARN_DOCUMENTATION_COMMENTS = YES;
				CLANG_WARN_EMPTY_BODY = YES;
				CLANG_WARN_ENUM_CONVERSION = YES;
				CLANG_WARN_INFINITE_RECURSION = YES;
				CLANG_WARN_INT_CONVERSION = YES;
				CLANG_WARN_NON_LITERAL_NULL_CONVERSION = YES;
				CLANG_WARN_OBJC_IMPLICIT_RETAIN_SELF = YES;
				CLANG_WARN_OBJC_LITERAL_CONVERSION = YES;
				CLANG_WARN_OBJC_ROOT_CLASS = YES_ERROR;
				CLANG_WARN_QUOTED_INCLUDE_IN_FRAMEWORK_HEADER = YES;
				CLANG_WARN_RANGE_LOOP_ANALYSIS = YES;
				CLANG_WARN_STRICT_PROTOTYPES = YES;
				CLANG_WARN_SUSPICIOUS_MOVE = YES;
				CLANG_WARN_UNGUARDED_AVAILABILITY = YES_AGGRESSIVE;
				CLANG_WARN_UNREACHABLE_CODE = YES;
				CLANG_WARN__DUPLICATE_METHOD_MATCH = YES;
				COPY_PHASE_STRIP = NO;
				DEBUG_INFORMATION_FORMAT = "dwarf-with-dsym";
				ENABLE_NS_ASSERTIONS = NO;
				ENABLE_STRICT_OBJC_MSGSEND = YES;
				ENABLE_USER_SCRIPT_SANDBOXING = YES;
				GCC_C_LANGUAGE_STANDARD = gnu17;
				GCC_NO_COMMON_BLOCKS = YES;
				GCC_WARN_64_TO_32_BIT_CONVERSION = YES;
				GCC_WARN_ABOUT_RETURN_TYPE = YES_ERROR;
				GCC_WARN_UNDECLARED_SELECTOR = YES;
				GCC_WARN_UNINITIALIZED_AUTOS = YES_AGGRESSIVE;
				GCC_WARN_UNUSED_FUNCTION = YES;
				GCC_WARN_UNUSED_VARIABLE = YES;
				IPHONEOS_DEPLOYMENT_TARGET = 17.0;
				LOCALIZATION_PREFERS_STRING_CATALOGS = YES;
				MTL_ENABLE_DEBUG_INFO = NO;
				MTL_FAST_MATH = YES;
				SDKROOT = iphoneos;
				SWIFT_COMPILATION_MODE = wholemodule;
				VALIDATE_PRODUCT = YES;
			};
			name = Release;
		};
		D4235E0F2B8AC21E0061E964 /* Debug */ = {
			isa = XCBuildConfiguration;
			buildSettings = {
				ASSETCATALOG_COMPILER_APPICON_NAME = AppIcon;
				ASSETCATALOG_COMPILER_GLOBAL_ACCENT_COLOR_NAME = AccentColor;
				CODE_SIGN_STYLE = Automatic;
				CURRENT_PROJECT_VERSION = 1;
				DEVELOPMENT_ASSET_PATHS = "\"SpeedStreak/Preview Content\"";
				DEVELOPMENT_TEAM = R8SJ24LQF3;
				ENABLE_PREVIEWS = YES;
				GENERATE_INFOPLIST_FILE = YES;
				INFOPLIST_KEY_UIApplicationSceneManifest_Generation = YES;
				INFOPLIST_KEY_UIApplicationSupportsIndirectInputEvents = YES;
				INFOPLIST_KEY_UILaunchScreen_Generation = YES;
				INFOPLIST_KEY_UISupportedInterfaceOrientations_iPad = "UIInterfaceOrientationPortrait UIInterfaceOrientationPortraitUpsideDown UIInterfaceOrientationLandscapeLeft UIInterfaceOrientationLandscapeRight";
				INFOPLIST_KEY_UISupportedInterfaceOrientations_iPhone = "UIInterfaceOrientationPortrait UIInterfaceOrientationLandscapeLeft UIInterfaceOrientationLandscapeRight";
				LD_RUNPATH_SEARCH_PATHS = (
					"$(inherited)",
					"@executable_path/Frameworks",
				);
				MARKETING_VERSION = 1.0;
				PRODUCT_BUNDLE_IDENTIFIER = com.nobadi.SpeedStreak;
				PRODUCT_NAME = "$(TARGET_NAME)";
				SWIFT_EMIT_LOC_STRINGS = YES;
				SWIFT_VERSION = 5.0;
				TARGETED_DEVICE_FAMILY = "1,2";
			};
			name = Debug;
		};
		D4235E102B8AC21E0061E964 /* Release */ = {
			isa = XCBuildConfiguration;
			buildSettings = {
				ASSETCATALOG_COMPILER_APPICON_NAME = AppIcon;
				ASSETCATALOG_COMPILER_GLOBAL_ACCENT_COLOR_NAME = AccentColor;
				CODE_SIGN_STYLE = Automatic;
				CURRENT_PROJECT_VERSION = 1;
				DEVELOPMENT_ASSET_PATHS = "\"SpeedStreak/Preview Content\"";
				DEVELOPMENT_TEAM = R8SJ24LQF3;
				ENABLE_PREVIEWS = YES;
				GENERATE_INFOPLIST_FILE = YES;
				INFOPLIST_KEY_UIApplicationSceneManifest_Generation = YES;
				INFOPLIST_KEY_UIApplicationSupportsIndirectInputEvents = YES;
				INFOPLIST_KEY_UILaunchScreen_Generation = YES;
				INFOPLIST_KEY_UISupportedInterfaceOrientations_iPad = "UIInterfaceOrientationPortrait UIInterfaceOrientationPortraitUpsideDown UIInterfaceOrientationLandscapeLeft UIInterfaceOrientationLandscapeRight";
				INFOPLIST_KEY_UISupportedInterfaceOrientations_iPhone = "UIInterfaceOrientationPortrait UIInterfaceOrientationLandscapeLeft UIInterfaceOrientationLandscapeRight";
				LD_RUNPATH_SEARCH_PATHS = (
					"$(inherited)",
					"@executable_path/Frameworks",
				);
				MARKETING_VERSION = 1.0;
				PRODUCT_BUNDLE_IDENTIFIER = com.nobadi.SpeedStreak;
				PRODUCT_NAME = "$(TARGET_NAME)";
				SWIFT_EMIT_LOC_STRINGS = YES;
				SWIFT_VERSION = 5.0;
				TARGETED_DEVICE_FAMILY = "1,2";
			};
			name = Release;
		};
/* End XCBuildConfiguration section */

/* Begin XCConfigurationList section */
		D4235DFB2B8AC21D0061E964 /* Build configuration list for PBXProject "SpeedStreak" */ = {
			isa = XCConfigurationList;
			buildConfigurations = (
				D4235E0C2B8AC21E0061E964 /* Debug */,
				D4235E0D2B8AC21E0061E964 /* Release */,
			);
			defaultConfigurationIsVisible = 0;
			defaultConfigurationName = Release;
		};
		D4235E0E2B8AC21E0061E964 /* Build configuration list for PBXNativeTarget "SpeedStreak" */ = {
			isa = XCConfigurationList;
			buildConfigurations = (
				D4235E0F2B8AC21E0061E964 /* Debug */,
				D4235E102B8AC21E0061E964 /* Release */,
			);
			defaultConfigurationIsVisible = 0;
			defaultConfigurationName = Release;
		};
/* End XCConfigurationList section */
	};
	rootObject = D4235DF82B8AC21D0061E964 /* Project object */;
}
